// !$*UTF8*$!
{
	archiveVersion = 1;
	classes = {
	};
	objectVersion = 55;
	objects = {

/* Begin PBXBuildFile section */
		B55E059B270F5BF4009584DC /* StocksAPIConfig.swift in Sources */ = {isa = PBXBuildFile; fileRef = B55E059A270F5BF4009584DC /* StocksAPIConfig.swift */; };
		B55E059C270F5BF4009584DC /* StocksAPIConfig.swift in Sources */ = {isa = PBXBuildFile; fileRef = B55E059A270F5BF4009584DC /* StocksAPIConfig.swift */; };
		B55E059E270F5C5D009584DC /* StockAPIWorker.swift.swift in Sources */ = {isa = PBXBuildFile; fileRef = B55E059D270F5C5D009584DC /* StockAPIWorker.swift.swift */; };
		B55E059F270F5C5D009584DC /* StockAPIWorker.swift.swift in Sources */ = {isa = PBXBuildFile; fileRef = B55E059D270F5C5D009584DC /* StockAPIWorker.swift.swift */; };
		B55E05A1270F5C7B009584DC /* StockAPIResponseModels.swift in Sources */ = {isa = PBXBuildFile; fileRef = B55E05A0270F5C7B009584DC /* StockAPIResponseModels.swift */; };
		B55E05A2270F5C7B009584DC /* StockAPIResponseModels.swift in Sources */ = {isa = PBXBuildFile; fileRef = B55E05A0270F5C7B009584DC /* StockAPIResponseModels.swift */; };
		B5E636DC27088DA20002B738 /* AppDelegate.swift in Sources */ = {isa = PBXBuildFile; fileRef = B5E636DB27088DA20002B738 /* AppDelegate.swift */; };
		B5E636DE27088DA20002B738 /* SceneDelegate.swift in Sources */ = {isa = PBXBuildFile; fileRef = B5E636DD27088DA20002B738 /* SceneDelegate.swift */; };
		B5E636E027088DA20002B738 /* ViewController.swift in Sources */ = {isa = PBXBuildFile; fileRef = B5E636DF27088DA20002B738 /* ViewController.swift */; };
		B5E636E527088DA40002B738 /* Assets.xcassets in Resources */ = {isa = PBXBuildFile; fileRef = B5E636E427088DA40002B738 /* Assets.xcassets */; };
		B5E636E827088DA40002B738 /* LaunchScreen.storyboard in Resources */ = {isa = PBXBuildFile; fileRef = B5E636E627088DA40002B738 /* LaunchScreen.storyboard */; };
		B5E636F327088DA40002B738 /* ColorStocksTests.swift in Sources */ = {isa = PBXBuildFile; fileRef = B5E636F227088DA40002B738 /* ColorStocksTests.swift */; };
/* End PBXBuildFile section */

/* Begin PBXContainerItemProxy section */
		B5E636EF27088DA40002B738 /* PBXContainerItemProxy */ = {
			isa = PBXContainerItemProxy;
			containerPortal = B5E636D027088DA10002B738 /* Project object */;
			proxyType = 1;
			remoteGlobalIDString = B5E636D727088DA20002B738;
			remoteInfo = ColorStocks;
		};
/* End PBXContainerItemProxy section */

/* Begin PBXFileReference section */
		B55E059A270F5BF4009584DC /* StocksAPIConfig.swift */ = {isa = PBXFileReference; lastKnownFileType = sourcecode.swift; path = StocksAPIConfig.swift; sourceTree = "<group>"; };
		B55E059D270F5C5D009584DC /* StockAPIWorker.swift.swift */ = {isa = PBXFileReference; lastKnownFileType = sourcecode.swift; path = StockAPIWorker.swift.swift; sourceTree = "<group>"; };
		B55E05A0270F5C7B009584DC /* StockAPIResponseModels.swift */ = {isa = PBXFileReference; lastKnownFileType = sourcecode.swift; path = StockAPIResponseModels.swift; sourceTree = "<group>"; };
		B5E636D827088DA20002B738 /* ColorStocks.app */ = {isa = PBXFileReference; explicitFileType = wrapper.application; includeInIndex = 0; path = ColorStocks.app; sourceTree = BUILT_PRODUCTS_DIR; };
		B5E636DB27088DA20002B738 /* AppDelegate.swift */ = {isa = PBXFileReference; lastKnownFileType = sourcecode.swift; path = AppDelegate.swift; sourceTree = "<group>"; };
		B5E636DD27088DA20002B738 /* SceneDelegate.swift */ = {isa = PBXFileReference; lastKnownFileType = sourcecode.swift; path = SceneDelegate.swift; sourceTree = "<group>"; };
		B5E636DF27088DA20002B738 /* ViewController.swift */ = {isa = PBXFileReference; lastKnownFileType = sourcecode.swift; path = ViewController.swift; sourceTree = "<group>"; };
		B5E636E427088DA40002B738 /* Assets.xcassets */ = {isa = PBXFileReference; lastKnownFileType = folder.assetcatalog; path = Assets.xcassets; sourceTree = "<group>"; };
		B5E636E727088DA40002B738 /* Base */ = {isa = PBXFileReference; lastKnownFileType = file.storyboard; name = Base; path = Base.lproj/LaunchScreen.storyboard; sourceTree = "<group>"; };
		B5E636E927088DA40002B738 /* Info.plist */ = {isa = PBXFileReference; lastKnownFileType = text.plist.xml; path = Info.plist; sourceTree = "<group>"; };
		B5E636EE27088DA40002B738 /* ColorStocksTests.xctest */ = {isa = PBXFileReference; explicitFileType = wrapper.cfbundle; includeInIndex = 0; path = ColorStocksTests.xctest; sourceTree = BUILT_PRODUCTS_DIR; };
		B5E636F227088DA40002B738 /* ColorStocksTests.swift */ = {isa = PBXFileReference; lastKnownFileType = sourcecode.swift; path = ColorStocksTests.swift; sourceTree = "<group>"; };
/* End PBXFileReference section */

/* Begin PBXFrameworksBuildPhase section */
		B5E636D527088DA20002B738 /* Frameworks */ = {
			isa = PBXFrameworksBuildPhase;
			buildActionMask = 2147483647;
			files = (
			);
			runOnlyForDeploymentPostprocessing = 0;
		};
		B5E636EB27088DA40002B738 /* Frameworks */ = {
			isa = PBXFrameworksBuildPhase;
			buildActionMask = 2147483647;
			files = (
			);
			runOnlyForDeploymentPostprocessing = 0;
		};
/* End PBXFrameworksBuildPhase section */

/* Begin PBXGroup section */
		B55E0598270F5BD0009584DC /* Services */ = {
			isa = PBXGroup;
			children = (
				B55E0599270F5BD9009584DC /* StocksAPI */,
			);
			path = Services;
			sourceTree = "<group>";
		};
		B55E0599270F5BD9009584DC /* StocksAPI */ = {
			isa = PBXGroup;
			children = (
				B55E059A270F5BF4009584DC /* StocksAPIConfig.swift */,
				B55E05A0270F5C7B009584DC /* StockAPIResponseModels.swift */,
				B55E059D270F5C5D009584DC /* StockAPIWorker.swift.swift */,
			);
			path = StocksAPI;
			sourceTree = "<group>";
		};
		B5E636CF27088DA10002B738 = {
			isa = PBXGroup;
			children = (
				B5E636DA27088DA20002B738 /* ColorStocks */,
				B5E636F127088DA40002B738 /* ColorStocksTests */,
				B5E636D927088DA20002B738 /* Products */,
			);
			sourceTree = "<group>";
		};
		B5E636D927088DA20002B738 /* Products */ = {
			isa = PBXGroup;
			children = (
				B5E636D827088DA20002B738 /* ColorStocks.app */,
				B5E636EE27088DA40002B738 /* ColorStocksTests.xctest */,
			);
			name = Products;
			sourceTree = "<group>";
		};
		B5E636DA27088DA20002B738 /* ColorStocks */ = {
			isa = PBXGroup;
			children = (
				B55E0598270F5BD0009584DC /* Services */,
				B5E636DB27088DA20002B738 /* AppDelegate.swift */,
				B5E636DD27088DA20002B738 /* SceneDelegate.swift */,
				B5E636DF27088DA20002B738 /* ViewController.swift */,
				B5E636E427088DA40002B738 /* Assets.xcassets */,
				B5E636E627088DA40002B738 /* LaunchScreen.storyboard */,
				B5E636E927088DA40002B738 /* Info.plist */,
			);
			path = ColorStocks;
			sourceTree = "<group>";
		};
		B5E636F127088DA40002B738 /* ColorStocksTests */ = {
			isa = PBXGroup;
			children = (
				B5E636F227088DA40002B738 /* ColorStocksTests.swift */,
			);
			path = ColorStocksTests;
			sourceTree = "<group>";
		};
/* End PBXGroup section */

/* Begin PBXNativeTarget section */
		B5E636D727088DA20002B738 /* ColorStocks */ = {
			isa = PBXNativeTarget;
			buildConfigurationList = B5E6370227088DA40002B738 /* Build configuration list for PBXNativeTarget "ColorStocks" */;
			buildPhases = (
				B5E636D427088DA20002B738 /* Sources */,
				B5E636D527088DA20002B738 /* Frameworks */,
				B5E636D627088DA20002B738 /* Resources */,
				B55E05A4270F687C009584DC /* ShellScript */,
			);
			buildRules = (
			);
			dependencies = (
			);
			name = ColorStocks;
			productName = ColorStocks;
			productReference = B5E636D827088DA20002B738 /* ColorStocks.app */;
			productType = "com.apple.product-type.application";
		};
		B5E636ED27088DA40002B738 /* ColorStocksTests */ = {
			isa = PBXNativeTarget;
			buildConfigurationList = B5E6370527088DA40002B738 /* Build configuration list for PBXNativeTarget "ColorStocksTests" */;
			buildPhases = (
				B5E636EA27088DA40002B738 /* Sources */,
				B5E636EB27088DA40002B738 /* Frameworks */,
				B5E636EC27088DA40002B738 /* Resources */,
			);
			buildRules = (
			);
			dependencies = (
				B5E636F027088DA40002B738 /* PBXTargetDependency */,
			);
			name = ColorStocksTests;
			productName = ColorStocksTests;
			productReference = B5E636EE27088DA40002B738 /* ColorStocksTests.xctest */;
			productType = "com.apple.product-type.bundle.unit-test";
		};
/* End PBXNativeTarget section */

/* Begin PBXProject section */
		B5E636D027088DA10002B738 /* Project object */ = {
			isa = PBXProject;
			attributes = {
				BuildIndependentTargetsInParallel = 1;
				LastSwiftUpdateCheck = 1300;
				LastUpgradeCheck = 1300;
				TargetAttributes = {
					B5E636D727088DA20002B738 = {
						CreatedOnToolsVersion = 13.0;
					};
					B5E636ED27088DA40002B738 = {
						CreatedOnToolsVersion = 13.0;
						TestTargetID = B5E636D727088DA20002B738;
					};
				};
			};
			buildConfigurationList = B5E636D327088DA10002B738 /* Build configuration list for PBXProject "ColorStocks" */;
			compatibilityVersion = "Xcode 13.0";
			developmentRegion = en;
			hasScannedForEncodings = 0;
			knownRegions = (
				en,
				Base,
			);
			mainGroup = B5E636CF27088DA10002B738;
			productRefGroup = B5E636D927088DA20002B738 /* Products */;
			projectDirPath = "";
			projectRoot = "";
			targets = (
				B5E636D727088DA20002B738 /* ColorStocks */,
				B5E636ED27088DA40002B738 /* ColorStocksTests */,
			);
		};
/* End PBXProject section */

/* Begin PBXResourcesBuildPhase section */
		B5E636D627088DA20002B738 /* Resources */ = {
			isa = PBXResourcesBuildPhase;
			buildActionMask = 2147483647;
			files = (
				B5E636E827088DA40002B738 /* LaunchScreen.storyboard in Resources */,
				B5E636E527088DA40002B738 /* Assets.xcassets in Resources */,
			);
			runOnlyForDeploymentPostprocessing = 0;
		};
		B5E636EC27088DA40002B738 /* Resources */ = {
			isa = PBXResourcesBuildPhase;
			buildActionMask = 2147483647;
			files = (
			);
			runOnlyForDeploymentPostprocessing = 0;
		};
/* End PBXResourcesBuildPhase section */

/* Begin PBXShellScriptBuildPhase section */
		B55E05A4270F687C009584DC /* ShellScript */ = {
			isa = PBXShellScriptBuildPhase;
			buildActionMask = 2147483647;
			files = (
			);
			inputFileListPaths = (
			);
			inputPaths = (
			);
			outputFileListPaths = (
			);
			outputPaths = (
			);
			runOnlyForDeploymentPostprocessing = 0;
			shellPath = /bin/sh;
			shellScript = "if which swiftlint >/dev/null; then\n  swiftlint\nelse\n  echo \"warning: SwiftLint not installed, download from https://github.com/realm/SwiftLint\"\nfi\n";
		};
/* End PBXShellScriptBuildPhase section */

/* Begin PBXSourcesBuildPhase section */
		B5E636D427088DA20002B738 /* Sources */ = {
			isa = PBXSourcesBuildPhase;
			buildActionMask = 2147483647;
			files = (
				B5E636E027088DA20002B738 /* ViewController.swift in Sources */,
				B55E059E270F5C5D009584DC /* StockAPIWorker.swift.swift in Sources */,
				B55E05A1270F5C7B009584DC /* StockAPIResponseModels.swift in Sources */,
				B5E636DC27088DA20002B738 /* AppDelegate.swift in Sources */,
				B5E636DE27088DA20002B738 /* SceneDelegate.swift in Sources */,
				B55E059B270F5BF4009584DC /* StocksAPIConfig.swift in Sources */,
			);
			runOnlyForDeploymentPostprocessing = 0;
		};
		B5E636EA27088DA40002B738 /* Sources */ = {
			isa = PBXSourcesBuildPhase;
			buildActionMask = 2147483647;
			files = (
				B55E05A2270F5C7B009584DC /* StockAPIResponseModels.swift in Sources */,
				B5E636F327088DA40002B738 /* ColorStocksTests.swift in Sources */,
				B55E059F270F5C5D009584DC /* StockAPIWorker.swift.swift in Sources */,
				B55E059C270F5BF4009584DC /* StocksAPIConfig.swift in Sources */,
			);
			runOnlyForDeploymentPostprocessing = 0;
		};
/* End PBXSourcesBuildPhase section */

/* Begin PBXTargetDependency section */
		B5E636F027088DA40002B738 /* PBXTargetDependency */ = {
			isa = PBXTargetDependency;
			target = B5E636D727088DA20002B738 /* ColorStocks */;
			targetProxy = B5E636EF27088DA40002B738 /* PBXContainerItemProxy */;
		};
/* End PBXTargetDependency section */

/* Begin PBXVariantGroup section */
		B5E636E627088DA40002B738 /* LaunchScreen.storyboard */ = {
			isa = PBXVariantGroup;
			children = (
				B5E636E727088DA40002B738 /* Base */,
			);
			name = LaunchScreen.storyboard;
			sourceTree = "<group>";
		};
/* End PBXVariantGroup section */

/* Begin XCBuildConfiguration section */
		B5E6370027088DA40002B738 /* Debug */ = {
			isa = XCBuildConfiguration;
			buildSettings = {
				ALWAYS_SEARCH_USER_PATHS = NO;
				CLANG_ANALYZER_NONNULL = YES;
				CLANG_ANALYZER_NUMBER_OBJECT_CONVERSION = YES_AGGRESSIVE;
				CLANG_CXX_LANGUAGE_STANDARD = "gnu++17";
				CLANG_CXX_LIBRARY = "libc++";
				CLANG_ENABLE_MODULES = YES;
				CLANG_ENABLE_OBJC_ARC = YES;
				CLANG_ENABLE_OBJC_WEAK = YES;
				CLANG_WARN_BLOCK_CAPTURE_AUTORELEASING = YES;
				CLANG_WARN_BOOL_CONVERSION = YES;
				CLANG_WARN_COMMA = YES;
				CLANG_WARN_CONSTANT_CONVERSION = YES;
				CLANG_WARN_DEPRECATED_OBJC_IMPLEMENTATIONS = YES;
				CLANG_WARN_DIRECT_OBJC_ISA_USAGE = YES_ERROR;
				CLANG_WARN_DOCUMENTATION_COMMENTS = YES;
				CLANG_WARN_EMPTY_BODY = YES;
				CLANG_WARN_ENUM_CONVERSION = YES;
				CLANG_WARN_INFINITE_RECURSION = YES;
				CLANG_WARN_INT_CONVERSION = YES;
				CLANG_WARN_NON_LITERAL_NULL_CONVERSION = YES;
				CLANG_WARN_OBJC_IMPLICIT_RETAIN_SELF = YES;
				CLANG_WARN_OBJC_LITERAL_CONVERSION = YES;
				CLANG_WARN_OBJC_ROOT_CLASS = YES_ERROR;
				CLANG_WARN_QUOTED_INCLUDE_IN_FRAMEWORK_HEADER = YES;
				CLANG_WARN_RANGE_LOOP_ANALYSIS = YES;
				CLANG_WARN_STRICT_PROTOTYPES = YES;
				CLANG_WARN_SUSPICIOUS_MOVE = YES;
				CLANG_WARN_UNGUARDED_AVAILABILITY = YES_AGGRESSIVE;
				CLANG_WARN_UNREACHABLE_CODE = YES;
				CLANG_WARN__DUPLICATE_METHOD_MATCH = YES;
				COPY_PHASE_STRIP = NO;
				DEBUG_INFORMATION_FORMAT = dwarf;
				ENABLE_STRICT_OBJC_MSGSEND = YES;
				ENABLE_TESTABILITY = YES;
				GCC_C_LANGUAGE_STANDARD = gnu11;
				GCC_DYNAMIC_NO_PIC = NO;
				GCC_NO_COMMON_BLOCKS = YES;
				GCC_OPTIMIZATION_LEVEL = 0;
				GCC_PREPROCESSOR_DEFINITIONS = (
					"DEBUG=1",
					"$(inherited)",
				);
				GCC_WARN_64_TO_32_BIT_CONVERSION = YES;
				GCC_WARN_ABOUT_RETURN_TYPE = YES_ERROR;
				GCC_WARN_UNDECLARED_SELECTOR = YES;
				GCC_WARN_UNINITIALIZED_AUTOS = YES_AGGRESSIVE;
				GCC_WARN_UNUSED_FUNCTION = YES;
				GCC_WARN_UNUSED_VARIABLE = YES;
				IPHONEOS_DEPLOYMENT_TARGET = 15.0;
				MTL_ENABLE_DEBUG_INFO = INCLUDE_SOURCE;
				MTL_FAST_MATH = YES;
				ONLY_ACTIVE_ARCH = YES;
				SDKROOT = iphoneos;
				SWIFT_ACTIVE_COMPILATION_CONDITIONS = DEBUG;
				SWIFT_OPTIMIZATION_LEVEL = "-Onone";
			};
			name = Debug;
		};
		B5E6370127088DA40002B738 /* Release */ = {
			isa = XCBuildConfiguration;
			buildSettings = {
				ALWAYS_SEARCH_USER_PATHS = NO;
				CLANG_ANALYZER_NONNULL = YES;
				CLANG_ANALYZER_NUMBER_OBJECT_CONVERSION = YES_AGGRESSIVE;
				CLANG_CXX_LANGUAGE_STANDARD = "gnu++17";
				CLANG_CXX_LIBRARY = "libc++";
				CLANG_ENABLE_MODULES = YES;
				CLANG_ENABLE_OBJC_ARC = YES;
				CLANG_ENABLE_OBJC_WEAK = YES;
				CLANG_WARN_BLOCK_CAPTURE_AUTORELEASING = YES;
				CLANG_WARN_BOOL_CONVERSION = YES;
				CLANG_WARN_COMMA = YES;
				CLANG_WARN_CONSTANT_CONVERSION = YES;
				CLANG_WARN_DEPRECATED_OBJC_IMPLEMENTATIONS = YES;
				CLANG_WARN_DIRECT_OBJC_ISA_USAGE = YES_ERROR;
				CLANG_WARN_DOCUMENTATION_COMMENTS = YES;
				CLANG_WARN_EMPTY_BODY = YES;
				CLANG_WARN_ENUM_CONVERSION = YES;
				CLANG_WARN_INFINITE_RECURSION = YES;
				CLANG_WARN_INT_CONVERSION = YES;
				CLANG_WARN_NON_LITERAL_NULL_CONVERSION = YES;
				CLANG_WARN_OBJC_IMPLICIT_RETAIN_SELF = YES;
				CLANG_WARN_OBJC_LITERAL_CONVERSION = YES;
				CLANG_WARN_OBJC_ROOT_CLASS = YES_ERROR;
				CLANG_WARN_QUOTED_INCLUDE_IN_FRAMEWORK_HEADER = YES;
				CLANG_WARN_RANGE_LOOP_ANALYSIS = YES;
				CLANG_WARN_STRICT_PROTOTYPES = YES;
				CLANG_WARN_SUSPICIOUS_MOVE = YES;
				CLANG_WARN_UNGUARDED_AVAILABILITY = YES_AGGRESSIVE;
				CLANG_WARN_UNREACHABLE_CODE = YES;
				CLANG_WARN__DUPLICATE_METHOD_MATCH = YES;
				COPY_PHASE_STRIP = NO;
				DEBUG_INFORMATION_FORMAT = "dwarf-with-dsym";
				ENABLE_NS_ASSERTIONS = NO;
				ENABLE_STRICT_OBJC_MSGSEND = YES;
				GCC_C_LANGUAGE_STANDARD = gnu11;
				GCC_NO_COMMON_BLOCKS = YES;
				GCC_WARN_64_TO_32_BIT_CONVERSION = YES;
				GCC_WARN_ABOUT_RETURN_TYPE = YES_ERROR;
				GCC_WARN_UNDECLARED_SELECTOR = YES;
				GCC_WARN_UNINITIALIZED_AUTOS = YES_AGGRESSIVE;
				GCC_WARN_UNUSED_FUNCTION = YES;
				GCC_WARN_UNUSED_VARIABLE = YES;
				IPHONEOS_DEPLOYMENT_TARGET = 15.0;
				MTL_ENABLE_DEBUG_INFO = NO;
				MTL_FAST_MATH = YES;
				SDKROOT = iphoneos;
				SWIFT_COMPILATION_MODE = wholemodule;
				SWIFT_OPTIMIZATION_LEVEL = "-O";
				VALIDATE_PRODUCT = YES;
			};
			name = Release;
		};
		B5E6370327088DA40002B738 /* Debug */ = {
			isa = XCBuildConfiguration;
			buildSettings = {
				ASSETCATALOG_COMPILER_APPICON_NAME = AppIcon;
				ASSETCATALOG_COMPILER_GLOBAL_ACCENT_COLOR_NAME = AccentColor;
				CODE_SIGN_STYLE = Automatic;
				CURRENT_PROJECT_VERSION = 1;
				DEVELOPMENT_TEAM = X3C4UMBA4P;
				GENERATE_INFOPLIST_FILE = YES;
				INFOPLIST_FILE = ColorStocks/Info.plist;
				INFOPLIST_KEY_UIApplicationSupportsIndirectInputEvents = YES;
				INFOPLIST_KEY_UILaunchStoryboardName = LaunchScreen;
				INFOPLIST_KEY_UISupportedInterfaceOrientations = UIInterfaceOrientationPortrait;
				INFOPLIST_KEY_UISupportedInterfaceOrientations_iPad = "UIInterfaceOrientationPortrait UIInterfaceOrientationPortraitUpsideDown UIInterfaceOrientationLandscapeLeft UIInterfaceOrientationLandscapeRight";
				INFOPLIST_KEY_UISupportedInterfaceOrientations_iPhone = "UIInterfaceOrientationPortrait UIInterfaceOrientationLandscapeLeft UIInterfaceOrientationLandscapeRight";
				LD_RUNPATH_SEARCH_PATHS = (
					"$(inherited)",
					"@executable_path/Frameworks",
				);
				MARKETING_VERSION = 1.0;
				PRODUCT_BUNDLE_IDENTIFIER = com.koryakin.ColorStocks;
				PRODUCT_NAME = "$(TARGET_NAME)";
				SWIFT_EMIT_LOC_STRINGS = YES;
				SWIFT_VERSION = 5.0;
				TARGETED_DEVICE_FAMILY = 1;
			};
			name = Debug;
		};
		B5E6370427088DA40002B738 /* Release */ = {
			isa = XCBuildConfiguration;
			buildSettings = {
				ASSETCATALOG_COMPILER_APPICON_NAME = AppIcon;
				ASSETCATALOG_COMPILER_GLOBAL_ACCENT_COLOR_NAME = AccentColor;
				CODE_SIGN_STYLE = Automatic;
				CURRENT_PROJECT_VERSION = 1;
				DEVELOPMENT_TEAM = X3C4UMBA4P;
				GENERATE_INFOPLIST_FILE = YES;
				INFOPLIST_FILE = ColorStocks/Info.plist;
				INFOPLIST_KEY_UIApplicationSupportsIndirectInputEvents = YES;
				INFOPLIST_KEY_UILaunchStoryboardName = LaunchScreen;
				INFOPLIST_KEY_UISupportedInterfaceOrientations = UIInterfaceOrientationPortrait;
				INFOPLIST_KEY_UISupportedInterfaceOrientations_iPad = "UIInterfaceOrientationPortrait UIInterfaceOrientationPortraitUpsideDown UIInterfaceOrientationLandscapeLeft UIInterfaceOrientationLandscapeRight";
				INFOPLIST_KEY_UISupportedInterfaceOrientations_iPhone = "UIInterfaceOrientationPortrait UIInterfaceOrientationLandscapeLeft UIInterfaceOrientationLandscapeRight";
				LD_RUNPATH_SEARCH_PATHS = (
					"$(inherited)",
					"@executable_path/Frameworks",
				);
				MARKETING_VERSION = 1.0;
				PRODUCT_BUNDLE_IDENTIFIER = com.koryakin.ColorStocks;
				PRODUCT_NAME = "$(TARGET_NAME)";
				SWIFT_EMIT_LOC_STRINGS = YES;
				SWIFT_VERSION = 5.0;
				TARGETED_DEVICE_FAMILY = 1;
			};
			name = Release;
		};
		B5E6370627088DA40002B738 /* Debug */ = {
			isa = XCBuildConfiguration;
			buildSettings = {
				ALWAYS_EMBED_SWIFT_STANDARD_LIBRARIES = YES;
				BUNDLE_LOADER = "$(TEST_HOST)";
				CODE_SIGN_STYLE = Automatic;
				CURRENT_PROJECT_VERSION = 1;
				DEVELOPMENT_TEAM = X3C4UMBA4P;
				GENERATE_INFOPLIST_FILE = YES;
				IPHONEOS_DEPLOYMENT_TARGET = 15.0;
				LD_RUNPATH_SEARCH_PATHS = (
					"$(inherited)",
					"@executable_path/Frameworks",
					"@loader_path/Frameworks",
				);
				MARKETING_VERSION = 1.0;
				PRODUCT_BUNDLE_IDENTIFIER = com.koryakin.ColorStocksTests;
				PRODUCT_NAME = "$(TARGET_NAME)";
				SWIFT_EMIT_LOC_STRINGS = NO;
				SWIFT_VERSION = 5.0;
				TARGETED_DEVICE_FAMILY = "1,2";
				TEST_HOST = "$(BUILT_PRODUCTS_DIR)/ColorStocks.app/ColorStocks";
			};
			name = Debug;
		};
		B5E6370727088DA40002B738 /* Release */ = {
			isa = XCBuildConfiguration;
			buildSettings = {
				ALWAYS_EMBED_SWIFT_STANDARD_LIBRARIES = YES;
				BUNDLE_LOADER = "$(TEST_HOST)";
				CODE_SIGN_STYLE = Automatic;
				CURRENT_PROJECT_VERSION = 1;
				DEVELOPMENT_TEAM = X3C4UMBA4P;
				GENERATE_INFOPLIST_FILE = YES;
				IPHONEOS_DEPLOYMENT_TARGET = 15.0;
				LD_RUNPATH_SEARCH_PATHS = (
					"$(inherited)",
					"@executable_path/Frameworks",
					"@loader_path/Frameworks",
				);
				MARKETING_VERSION = 1.0;
				PRODUCT_BUNDLE_IDENTIFIER = com.koryakin.ColorStocksTests;
				PRODUCT_NAME = "$(TARGET_NAME)";
				SWIFT_EMIT_LOC_STRINGS = NO;
				SWIFT_VERSION = 5.0;
				TARGETED_DEVICE_FAMILY = "1,2";
				TEST_HOST = "$(BUILT_PRODUCTS_DIR)/ColorStocks.app/ColorStocks";
			};
			name = Release;
		};
/* End XCBuildConfiguration section */

/* Begin XCConfigurationList section */
		B5E636D327088DA10002B738 /* Build configuration list for PBXProject "ColorStocks" */ = {
			isa = XCConfigurationList;
			buildConfigurations = (
				B5E6370027088DA40002B738 /* Debug */,
				B5E6370127088DA40002B738 /* Release */,
			);
			defaultConfigurationIsVisible = 0;
			defaultConfigurationName = Release;
		};
		B5E6370227088DA40002B738 /* Build configuration list for PBXNativeTarget "ColorStocks" */ = {
			isa = XCConfigurationList;
			buildConfigurations = (
				B5E6370327088DA40002B738 /* Debug */,
				B5E6370427088DA40002B738 /* Release */,
			);
			defaultConfigurationIsVisible = 0;
			defaultConfigurationName = Release;
		};
		B5E6370527088DA40002B738 /* Build configuration list for PBXNativeTarget "ColorStocksTests" */ = {
			isa = XCConfigurationList;
			buildConfigurations = (
				B5E6370627088DA40002B738 /* Debug */,
				B5E6370727088DA40002B738 /* Release */,
			);
			defaultConfigurationIsVisible = 0;
			defaultConfigurationName = Release;
		};
/* End XCConfigurationList section */
	};
	rootObject = B5E636D027088DA10002B738 /* Project object */;
}
